
Microsoft Visual Studio Solution File, Format Version 12.00
# Visual Studio Version 16
VisualStudioVersion = 16.0.30114.105
MinimumVisualStudioVersion = 10.0.40219.1
Project("{FAE04EC0-301F-11D3-BF4B-00C04F79EFBC}") = "SalesWebMvc", "SalesWebMvc\SalesWebMvc.csproj", "{BDFFED99-98A3-48DC-AA90-39A9DCA6F607}"
EndProject
Global
	GlobalSection(SolutionConfigurationPlatforms) = preSolution
		Debug|Any CPU = Debug|Any CPU
		Release|Any CPU = Release|Any CPU
	EndGlobalSection
	GlobalSection(ProjectConfigurationPlatforms) = postSolution
		{BDFFED99-98A3-48DC-AA90-39A9DCA6F607}.Debug|Any CPU.ActiveCfg = Debug|Any CPU
		{BDFFED99-98A3-48DC-AA90-39A9DCA6F607}.Debug|Any CPU.Build.0 = Debug|Any CPU
		{BDFFED99-98A3-48DC-AA90-39A9DCA6F607}.Release|Any CPU.ActiveCfg = Release|Any CPU
		{BDFFED99-98A3-48DC-AA90-39A9DCA6F607}.Release|Any CPU.Build.0 = Release|Any CPU
	EndGlobalSection
	GlobalSection(SolutionProperties) = preSolution
		HideSolutionNode = FALSE
	EndGlobalSection
	GlobalSection(ExtensibilityGlobals) = postSolution
		SolutionGuid = {95304CF4-54F5-488D-AAD6-A93A6A4B9D70}
	EndGlobalSection
EndGlobal
